
Microsoft Visual Studio Solution File, Format Version 12.00
# Visual Studio Version 16
VisualStudioVersion = 16.0.30204.135
MinimumVisualStudioVersion = 10.0.40219.1
Project("{2150E333-8FDC-42A3-9474-1A3956D46DE8}") = "examples", "examples", "{56C6DD2A-98B1-4AF7-AFBD-5DE371454E33}"
EndProject
Project("{2150E333-8FDC-42A3-9474-1A3956D46DE8}") = "static", "static", "{3F30B4AE-5733-4AFD-98F5-DD313C426101}"
EndProject
Project("{2150E333-8FDC-42A3-9474-1A3956D46DE8}") = "shared", "shared", "{7A24DBB0-F020-46AC-B3C6-EDF2E48580DE}"
EndProject
Project("{2150E333-8FDC-42A3-9474-1A3956D46DE8}") = "support", "support", "{B4223309-3DBB-4C8B-ABCD-747C7F8ECDA2}"
EndProject
Project("{2150E333-8FDC-42A3-9474-1A3956D46DE8}") = "tests", "tests", "{22E1F28D-53D1-4563-9D72-7C3699DE4C68}"
EndProject
Project("{8BC9CEB8-8B4A-11D0-8D11-00A0C91BC942}") = "cblas", "Visual Studio\static\cblas\cblas.vcxproj", "{94E784B1-65D8-4A8D-A1D8-20E95F90EDA1}"
EndProject
Project("{8BC9CEB8-8B4A-11D0-8D11-00A0C91BC942}") = "SuperLU", "Visual Studio\static\SuperLU\SuperLU.vcxproj", "{DF2ED306-CFFE-4C88-A009-A9CBD2E75081}"
EndProject
Project("{8BC9CEB8-8B4A-11D0-8D11-00A0C91BC942}") = "libsuperlu", "Visual Studio\shared\libsuperlu\libsuperlu.vcxproj", "{226D4CA8-7ED2-48D2-952C-DCD96AF9E31A}"
	ProjectSection(ProjectDependencies) = postProject
		{DF2ED306-CFFE-4C88-A009-A9CBD2E75081} = {DF2ED306-CFFE-4C88-A009-A9CBD2E75081}
		{94E784B1-65D8-4A8D-A1D8-20E95F90EDA1} = {94E784B1-65D8-4A8D-A1D8-20E95F90EDA1}
	EndProjectSection
EndProject
Project("{8BC9CEB8-8B4A-11D0-8D11-00A0C91BC942}") = "dlinsolx3", "Visual Studio\examples\dlinsolx3.vcxproj", "{F403FE15-18B4-48D0-A516-63BCAA6F901D}"
EndProject
Project("{8BC9CEB8-8B4A-11D0-8D11-00A0C91BC942}") = "ditersol1", "Visual Studio\examples\ditersol1.vcxproj", "{24F04B55-E7BC-44C2-9108-92C7774BE3C0}"
EndProject
Project("{8BC9CEB8-8B4A-11D0-8D11-00A0C91BC942}") = "dlinsol1", "Visual Studio\examples\dlinsol1.vcxproj", "{AE1F51A3-3425-4CE4-BB92-FE6D1A2D5CD1}"
EndProject
Project("{8BC9CEB8-8B4A-11D0-8D11-00A0C91BC942}") = "citersol1", "Visual Studio\examples\citersol1.vcxproj", "{44193E60-881E-440C-9AA2-666175FCFF71}"
EndProject
Project("{8BC9CEB8-8B4A-11D0-8D11-00A0C91BC942}") = "clinsol1", "Visual Studio\examples\clinsol1.vcxproj", "{3FBB4EA0-EE34-485D-8A01-503D61DD88C0}"
EndProject
Project("{8BC9CEB8-8B4A-11D0-8D11-00A0C91BC942}") = "clinsolx3", "Visual Studio\examples\clinsolx3.vcxproj", "{18BEDC12-0973-4B7A-A89A-2567D6B57B1F}"
EndProject
Project("{8BC9CEB8-8B4A-11D0-8D11-00A0C91BC942}") = "sitersol1", "Visual Studio\examples\sitersol1.vcxproj", "{33740107-383F-4923-B6AB-F79D5F5F3714}"
EndProject
Project("{8BC9CEB8-8B4A-11D0-8D11-00A0C91BC942}") = "slinsol1", "Visual Studio\examples\slinsol1.vcxproj", "{FC803DEE-6169-43BB-8F81-809651FE0B3F}"
EndProject
Project("{8BC9CEB8-8B4A-11D0-8D11-00A0C91BC942}") = "slinsolx3", "Visual Studio\examples\slinsolx3.vcxproj", "{01F6511C-2450-4924-8BA9-B99F19304F0C}"
EndProject
Project("{8BC9CEB8-8B4A-11D0-8D11-00A0C91BC942}") = "zitersol1", "Visual Studio\examples\zitersol1.vcxproj", "{982991BD-7324-4C53-9808-D08B460B8D20}"
EndProject
Project("{8BC9CEB8-8B4A-11D0-8D11-00A0C91BC942}") = "zlinsol1", "Visual Studio\examples\zlinsol1.vcxproj", "{8B95F155-04C0-468A-8ABF-11F6DD3FD647}"
EndProject
Project("{8BC9CEB8-8B4A-11D0-8D11-00A0C91BC942}") = "zlinsolx3", "Visual Studio\examples\zlinsolx3.vcxproj", "{B0A75F4B-061A-450D-8DD0-11187A5155BA}"
EndProject
Project("{8BC9CEB8-8B4A-11D0-8D11-00A0C91BC942}") = "getopt", "Visual Studio\support\getopt\getopt.vcxproj", "{44992204-32F8-4077-9CBE-6D2D5964FC15}"
EndProject
Project("{8BC9CEB8-8B4A-11D0-8D11-00A0C91BC942}") = "matgen", "Visual Studio\support\matgen\matgen.vcxproj", "{FA981133-0593-48BD-A9F8-A02B0B2B03F4}"
EndProject
Project("{8BC9CEB8-8B4A-11D0-8D11-00A0C91BC942}") = "ctest", "Visual Studio\tests\ctest\ctest.vcxproj", "{A53C85EA-95DE-43F2-8DF6-E50A9297A134}"
EndProject
Project("{8BC9CEB8-8B4A-11D0-8D11-00A0C91BC942}") = "dtest", "Visual Studio\tests\dtest\dtest.vcxproj", "{E370FFBE-4718-4D9B-B457-E916BFD6D8E2}"
EndProject
Project("{8BC9CEB8-8B4A-11D0-8D11-00A0C91BC942}") = "stest", "Visual Studio\tests\stest\stest.vcxproj", "{994344BC-CAAC-42A0-9631-3B611C96775F}"
EndProject
Project("{8BC9CEB8-8B4A-11D0-8D11-00A0C91BC942}") = "ztest", "Visual Studio\tests\ztest\ztest.vcxproj", "{C716B556-BACE-4C77-A1DB-412C9B78F4DD}"
EndProject
Global
	GlobalSection(SolutionConfigurationPlatforms) = preSolution
		Debug|x64 = Debug|x64
		Debug|x86 = Debug|x86
		Release|x64 = Release|x64
		Release|x86 = Release|x86
	EndGlobalSection
	GlobalSection(ProjectConfigurationPlatforms) = postSolution
		{94E784B1-65D8-4A8D-A1D8-20E95F90EDA1}.Debug|x64.ActiveCfg = Debug|x64
		{94E784B1-65D8-4A8D-A1D8-20E95F90EDA1}.Debug|x64.Build.0 = Debug|x64
		{94E784B1-65D8-4A8D-A1D8-20E95F90EDA1}.Debug|x86.ActiveCfg = Debug|Win32
		{94E784B1-65D8-4A8D-A1D8-20E95F90EDA1}.Debug|x86.Build.0 = Debug|Win32
		{94E784B1-65D8-4A8D-A1D8-20E95F90EDA1}.Release|x64.ActiveCfg = Release|x64
		{94E784B1-65D8-4A8D-A1D8-20E95F90EDA1}.Release|x64.Build.0 = Release|x64
		{94E784B1-65D8-4A8D-A1D8-20E95F90EDA1}.Release|x86.ActiveCfg = Release|Win32
		{94E784B1-65D8-4A8D-A1D8-20E95F90EDA1}.Release|x86.Build.0 = Release|Win32
		{DF2ED306-CFFE-4C88-A009-A9CBD2E75081}.Debug|x64.ActiveCfg = Debug|x64
		{DF2ED306-CFFE-4C88-A009-A9CBD2E75081}.Debug|x64.Build.0 = Debug|x64
		{DF2ED306-CFFE-4C88-A009-A9CBD2E75081}.Debug|x86.ActiveCfg = Debug|Win32
		{DF2ED306-CFFE-4C88-A009-A9CBD2E75081}.Debug|x86.Build.0 = Debug|Win32
		{DF2ED306-CFFE-4C88-A009-A9CBD2E75081}.Release|x64.ActiveCfg = Release|x64
		{DF2ED306-CFFE-4C88-A009-A9CBD2E75081}.Release|x64.Build.0 = Release|x64
		{DF2ED306-CFFE-4C88-A009-A9CBD2E75081}.Release|x86.ActiveCfg = Release|Win32
		{DF2ED306-CFFE-4C88-A009-A9CBD2E75081}.Release|x86.Build.0 = Release|Win32
		{226D4CA8-7ED2-48D2-952C-DCD96AF9E31A}.Debug|x64.ActiveCfg = Debug|x64
		{226D4CA8-7ED2-48D2-952C-DCD96AF9E31A}.Debug|x64.Build.0 = Debug|x64
		{226D4CA8-7ED2-48D2-952C-DCD96AF9E31A}.Debug|x86.ActiveCfg = Debug|Win32
		{226D4CA8-7ED2-48D2-952C-DCD96AF9E31A}.Debug|x86.Build.0 = Debug|Win32
		{226D4CA8-7ED2-48D2-952C-DCD96AF9E31A}.Release|x64.ActiveCfg = Release|x64
		{226D4CA8-7ED2-48D2-952C-DCD96AF9E31A}.Release|x64.Build.0 = Release|x64
		{226D4CA8-7ED2-48D2-952C-DCD96AF9E31A}.Release|x86.ActiveCfg = Release|Win32
		{226D4CA8-7ED2-48D2-952C-DCD96AF9E31A}.Release|x86.Build.0 = Release|Win32
		{F403FE15-18B4-48D0-A516-63BCAA6F901D}.Debug|x64.ActiveCfg = Debug|x64
		{F403FE15-18B4-48D0-A516-63BCAA6F901D}.Debug|x64.Build.0 = Debug|x64
		{F403FE15-18B4-48D0-A516-63BCAA6F901D}.Debug|x86.ActiveCfg = Debug|Win32
		{F403FE15-18B4-48D0-A516-63BCAA6F901D}.Debug|x86.Build.0 = Debug|Win32
		{F403FE15-18B4-48D0-A516-63BCAA6F901D}.Release|x64.ActiveCfg = Release|x64
		{F403FE15-18B4-48D0-A516-63BCAA6F901D}.Release|x64.Build.0 = Release|x64
		{F403FE15-18B4-48D0-A516-63BCAA6F901D}.Release|x86.ActiveCfg = Release|Win32
		{F403FE15-18B4-48D0-A516-63BCAA6F901D}.Release|x86.Build.0 = Release|Win32
		{24F04B55-E7BC-44C2-9108-92C7774BE3C0}.Debug|x64.ActiveCfg = Debug|x64
		{24F04B55-E7BC-44C2-9108-92C7774BE3C0}.Debug|x64.Build.0 = Debug|x64
		{24F04B55-E7BC-44C2-9108-92C7774BE3C0}.Debug|x86.ActiveCfg = Debug|Win32
		{24F04B55-E7BC-44C2-9108-92C7774BE3C0}.Debug|x86.Build.0 = Debug|Win32
		{24F04B55-E7BC-44C2-9108-92C7774BE3C0}.Release|x64.ActiveCfg = Release|x64
		{24F04B55-E7BC-44C2-9108-92C7774BE3C0}.Release|x64.Build.0 = Release|x64
		{24F04B55-E7BC-44C2-9108-92C7774BE3C0}.Release|x86.ActiveCfg = Release|Win32
		{24F04B55-E7BC-44C2-9108-92C7774BE3C0}.Release|x86.Build.0 = Release|Win32
		{AE1F51A3-3425-4CE4-BB92-FE6D1A2D5CD1}.Debug|x64.ActiveCfg = Debug|x64
		{AE1F51A3-3425-4CE4-BB92-FE6D1A2D5CD1}.Debug|x64.Build.0 = Debug|x64
		{AE1F51A3-3425-4CE4-BB92-FE6D1A2D5CD1}.Debug|x86.ActiveCfg = Debug|Win32
		{AE1F51A3-3425-4CE4-BB92-FE6D1A2D5CD1}.Debug|x86.Build.0 = Debug|Win32
		{AE1F51A3-3425-4CE4-BB92-FE6D1A2D5CD1}.Release|x64.ActiveCfg = Release|x64
		{AE1F51A3-3425-4CE4-BB92-FE6D1A2D5CD1}.Release|x64.Build.0 = Release|x64
		{AE1F51A3-3425-4CE4-BB92-FE6D1A2D5CD1}.Release|x86.ActiveCfg = Release|Win32
		{AE1F51A3-3425-4CE4-BB92-FE6D1A2D5CD1}.Release|x86.Build.0 = Release|Win32
		{44193E60-881E-440C-9AA2-666175FCFF71}.Debug|x64.ActiveCfg = Debug|x64
		{44193E60-881E-440C-9AA2-666175FCFF71}.Debug|x64.Build.0 = Debug|x64
		{44193E60-881E-440C-9AA2-666175FCFF71}.Debug|x86.ActiveCfg = Debug|Win32
		{44193E60-881E-440C-9AA2-666175FCFF71}.Debug|x86.Build.0 = Debug|Win32
		{44193E60-881E-440C-9AA2-666175FCFF71}.Release|x64.ActiveCfg = Release|x64
		{44193E60-881E-440C-9AA2-666175FCFF71}.Release|x64.Build.0 = Release|x64
		{44193E60-881E-440C-9AA2-666175FCFF71}.Release|x86.ActiveCfg = Release|Win32
		{44193E60-881E-440C-9AA2-666175FCFF71}.Release|x86.Build.0 = Release|Win32
		{3FBB4EA0-EE34-485D-8A01-503D61DD88C0}.Debug|x64.ActiveCfg = Debug|x64
		{3FBB4EA0-EE34-485D-8A01-503D61DD88C0}.Debug|x64.Build.0 = Debug|x64
		{3FBB4EA0-EE34-485D-8A01-503D61DD88C0}.Debug|x86.ActiveCfg = Debug|Win32
		{3FBB4EA0-EE34-485D-8A01-503D61DD88C0}.Debug|x86.Build.0 = Debug|Win32
		{3FBB4EA0-EE34-485D-8A01-503D61DD88C0}.Release|x64.ActiveCfg = Release|x64
		{3FBB4EA0-EE34-485D-8A01-503D61DD88C0}.Release|x64.Build.0 = Release|x64
		{3FBB4EA0-EE34-485D-8A01-503D61DD88C0}.Release|x86.ActiveCfg = Release|Win32
		{3FBB4EA0-EE34-485D-8A01-503D61DD88C0}.Release|x86.Build.0 = Release|Win32
		{18BEDC12-0973-4B7A-A89A-2567D6B57B1F}.Debug|x64.ActiveCfg = Debug|x64
		{18BEDC12-0973-4B7A-A89A-2567D6B57B1F}.Debug|x64.Build.0 = Debug|x64
		{18BEDC12-0973-4B7A-A89A-2567D6B57B1F}.Debug|x86.ActiveCfg = Debug|Win32
		{18BEDC12-0973-4B7A-A89A-2567D6B57B1F}.Debug|x86.Build.0 = Debug|Win32
		{18BEDC12-0973-4B7A-A89A-2567D6B57B1F}.Release|x64.ActiveCfg = Release|x64
		{18BEDC12-0973-4B7A-A89A-2567D6B57B1F}.Release|x64.Build.0 = Release|x64
		{18BEDC12-0973-4B7A-A89A-2567D6B57B1F}.Release|x86.ActiveCfg = Release|Win32
		{18BEDC12-0973-4B7A-A89A-2567D6B57B1F}.Release|x86.Build.0 = Release|Win32
		{33740107-383F-4923-B6AB-F79D5F5F3714}.Debug|x64.ActiveCfg = Debug|x64
		{33740107-383F-4923-B6AB-F79D5F5F3714}.Debug|x64.Build.0 = Debug|x64
		{33740107-383F-4923-B6AB-F79D5F5F3714}.Debug|x86.ActiveCfg = Debug|Win32
		{33740107-383F-4923-B6AB-F79D5F5F3714}.Debug|x86.Build.0 = Debug|Win32
		{33740107-383F-4923-B6AB-F79D5F5F3714}.Release|x64.ActiveCfg = Release|x64
		{33740107-383F-4923-B6AB-F79D5F5F3714}.Release|x64.Build.0 = Release|x64
		{33740107-383F-4923-B6AB-F79D5F5F3714}.Release|x86.ActiveCfg = Release|Win32
		{33740107-383F-4923-B6AB-F79D5F5F3714}.Release|x86.Build.0 = Release|Win32
		{FC803DEE-6169-43BB-8F81-809651FE0B3F}.Debug|x64.ActiveCfg = Debug|x64
		{FC803DEE-6169-43BB-8F81-809651FE0B3F}.Debug|x64.Build.0 = Debug|x64
		{FC803DEE-6169-43BB-8F81-809651FE0B3F}.Debug|x86.ActiveCfg = Debug|Win32
		{FC803DEE-6169-43BB-8F81-809651FE0B3F}.Debug|x86.Build.0 = Debug|Win32
		{FC803DEE-6169-43BB-8F81-809651FE0B3F}.Release|x64.ActiveCfg = Release|x64
		{FC803DEE-6169-43BB-8F81-809651FE0B3F}.Release|x64.Build.0 = Release|x64
		{FC803DEE-6169-43BB-8F81-809651FE0B3F}.Release|x86.ActiveCfg = Release|Win32
		{FC803DEE-6169-43BB-8F81-809651FE0B3F}.Release|x86.Build.0 = Release|Win32
		{01F6511C-2450-4924-8BA9-B99F19304F0C}.Debug|x64.ActiveCfg = Debug|x64
		{01F6511C-2450-4924-8BA9-B99F19304F0C}.Debug|x64.Build.0 = Debug|x64
		{01F6511C-2450-4924-8BA9-B99F19304F0C}.Debug|x86.ActiveCfg = Debug|Win32
		{01F6511C-2450-4924-8BA9-B99F19304F0C}.Debug|x86.Build.0 = Debug|Win32
		{01F6511C-2450-4924-8BA9-B99F19304F0C}.Release|x64.ActiveCfg = Release|x64
		{01F6511C-2450-4924-8BA9-B99F19304F0C}.Release|x64.Build.0 = Release|x64
		{01F6511C-2450-4924-8BA9-B99F19304F0C}.Release|x86.ActiveCfg = Release|Win32
		{01F6511C-2450-4924-8BA9-B99F19304F0C}.Release|x86.Build.0 = Release|Win32
		{982991BD-7324-4C53-9808-D08B460B8D20}.Debug|x64.ActiveCfg = Debug|x64
		{982991BD-7324-4C53-9808-D08B460B8D20}.Debug|x64.Build.0 = Debug|x64
		{982991BD-7324-4C53-9808-D08B460B8D20}.Debug|x86.ActiveCfg = Debug|Win32
		{982991BD-7324-4C53-9808-D08B460B8D20}.Debug|x86.Build.0 = Debug|Win32
		{982991BD-7324-4C53-9808-D08B460B8D20}.Release|x64.ActiveCfg = Release|x64
		{982991BD-7324-4C53-9808-D08B460B8D20}.Release|x64.Build.0 = Release|x64
		{982991BD-7324-4C53-9808-D08B460B8D20}.Release|x86.ActiveCfg = Release|Win32
		{982991BD-7324-4C53-9808-D08B460B8D20}.Release|x86.Build.0 = Release|Win32
		{8B95F155-04C0-468A-8ABF-11F6DD3FD647}.Debug|x64.ActiveCfg = Debug|x64
		{8B95F155-04C0-468A-8ABF-11F6DD3FD647}.Debug|x64.Build.0 = Debug|x64
		{8B95F155-04C0-468A-8ABF-11F6DD3FD647}.Debug|x86.ActiveCfg = Debug|Win32
		{8B95F155-04C0-468A-8ABF-11F6DD3FD647}.Debug|x86.Build.0 = Debug|Win32
		{8B95F155-04C0-468A-8ABF-11F6DD3FD647}.Release|x64.ActiveCfg = Release|x64
		{8B95F155-04C0-468A-8ABF-11F6DD3FD647}.Release|x64.Build.0 = Release|x64
		{8B95F155-04C0-468A-8ABF-11F6DD3FD647}.Release|x86.ActiveCfg = Release|Win32
		{8B95F155-04C0-468A-8ABF-11F6DD3FD647}.Release|x86.Build.0 = Release|Win32
		{B0A75F4B-061A-450D-8DD0-11187A5155BA}.Debug|x64.ActiveCfg = Debug|x64
		{B0A75F4B-061A-450D-8DD0-11187A5155BA}.Debug|x64.Build.0 = Debug|x64
		{B0A75F4B-061A-450D-8DD0-11187A5155BA}.Debug|x86.ActiveCfg = Debug|Win32
		{B0A75F4B-061A-450D-8DD0-11187A5155BA}.Debug|x86.Build.0 = Debug|Win32
		{B0A75F4B-061A-450D-8DD0-11187A5155BA}.Release|x64.ActiveCfg = Release|x64
		{B0A75F4B-061A-450D-8DD0-11187A5155BA}.Release|x64.Build.0 = Release|x64
		{B0A75F4B-061A-450D-8DD0-11187A5155BA}.Release|x86.ActiveCfg = Release|Win32
		{B0A75F4B-061A-450D-8DD0-11187A5155BA}.Release|x86.Build.0 = Release|Win32
		{44992204-32F8-4077-9CBE-6D2D5964FC15}.Debug|x64.ActiveCfg = Debug|x64
		{44992204-32F8-4077-9CBE-6D2D5964FC15}.Debug|x64.Build.0 = Debug|x64
		{44992204-32F8-4077-9CBE-6D2D5964FC15}.Debug|x86.ActiveCfg = Debug|Win32
		{44992204-32F8-4077-9CBE-6D2D5964FC15}.Debug|x86.Build.0 = Debug|Win32
		{44992204-32F8-4077-9CBE-6D2D5964FC15}.Release|x64.ActiveCfg = Release|x64
		{44992204-32F8-4077-9CBE-6D2D5964FC15}.Release|x64.Build.0 = Release|x64
		{44992204-32F8-4077-9CBE-6D2D5964FC15}.Release|x86.ActiveCfg = Release|Win32
		{44992204-32F8-4077-9CBE-6D2D5964FC15}.Release|x86.Build.0 = Release|Win32
		{FA981133-0593-48BD-A9F8-A02B0B2B03F4}.Debug|x64.ActiveCfg = Debug|x64
		{FA981133-0593-48BD-A9F8-A02B0B2B03F4}.Debug|x64.Build.0 = Debug|x64
		{FA981133-0593-48BD-A9F8-A02B0B2B03F4}.Debug|x86.ActiveCfg = Debug|Win32
		{FA981133-0593-48BD-A9F8-A02B0B2B03F4}.Debug|x86.Build.0 = Debug|Win32
		{FA981133-0593-48BD-A9F8-A02B0B2B03F4}.Release|x64.ActiveCfg = Release|x64
		{FA981133-0593-48BD-A9F8-A02B0B2B03F4}.Release|x64.Build.0 = Release|x64
		{FA981133-0593-48BD-A9F8-A02B0B2B03F4}.Release|x86.ActiveCfg = Release|Win32
		{FA981133-0593-48BD-A9F8-A02B0B2B03F4}.Release|x86.Build.0 = Release|Win32
		{A53C85EA-95DE-43F2-8DF6-E50A9297A134}.Debug|x64.ActiveCfg = Debug|x64
		{A53C85EA-95DE-43F2-8DF6-E50A9297A134}.Debug|x64.Build.0 = Debug|x64
		{A53C85EA-95DE-43F2-8DF6-E50A9297A134}.Debug|x86.ActiveCfg = Debug|Win32
		{A53C85EA-95DE-43F2-8DF6-E50A9297A134}.Debug|x86.Build.0 = Debug|Win32
		{A53C85EA-95DE-43F2-8DF6-E50A9297A134}.Release|x64.ActiveCfg = Release|x64
		{A53C85EA-95DE-43F2-8DF6-E50A9297A134}.Release|x64.Build.0 = Release|x64
		{A53C85EA-95DE-43F2-8DF6-E50A9297A134}.Release|x86.ActiveCfg = Release|Win32
		{A53C85EA-95DE-43F2-8DF6-E50A9297A134}.Release|x86.Build.0 = Release|Win32
		{E370FFBE-4718-4D9B-B457-E916BFD6D8E2}.Debug|x64.ActiveCfg = Debug|x64
		{E370FFBE-4718-4D9B-B457-E916BFD6D8E2}.Debug|x64.Build.0 = Debug|x64
		{E370FFBE-4718-4D9B-B457-E916BFD6D8E2}.Debug|x86.ActiveCfg = Debug|Win32
		{E370FFBE-4718-4D9B-B457-E916BFD6D8E2}.Debug|x86.Build.0 = Debug|Win32
		{E370FFBE-4718-4D9B-B457-E916BFD6D8E2}.Release|x64.ActiveCfg = Release|x64
		{E370FFBE-4718-4D9B-B457-E916BFD6D8E2}.Release|x64.Build.0 = Release|x64
		{E370FFBE-4718-4D9B-B457-E916BFD6D8E2}.Release|x86.ActiveCfg = Release|Win32
		{E370FFBE-4718-4D9B-B457-E916BFD6D8E2}.Release|x86.Build.0 = Release|Win32
		{994344BC-CAAC-42A0-9631-3B611C96775F}.Debug|x64.ActiveCfg = Debug|x64
		{994344BC-CAAC-42A0-9631-3B611C96775F}.Debug|x64.Build.0 = Debug|x64
		{994344BC-CAAC-42A0-9631-3B611C96775F}.Debug|x86.ActiveCfg = Debug|Win32
		{994344BC-CAAC-42A0-9631-3B611C96775F}.Debug|x86.Build.0 = Debug|Win32
		{994344BC-CAAC-42A0-9631-3B611C96775F}.Release|x64.ActiveCfg = Release|x64
		{994344BC-CAAC-42A0-9631-3B611C96775F}.Release|x64.Build.0 = Release|x64
		{994344BC-CAAC-42A0-9631-3B611C96775F}.Release|x86.ActiveCfg = Release|Win32
		{994344BC-CAAC-42A0-9631-3B611C96775F}.Release|x86.Build.0 = Release|Win32
		{C716B556-BACE-4C77-A1DB-412C9B78F4DD}.Debug|x64.ActiveCfg = Debug|x64
		{C716B556-BACE-4C77-A1DB-412C9B78F4DD}.Debug|x64.Build.0 = Debug|x64
		{C716B556-BACE-4C77-A1DB-412C9B78F4DD}.Debug|x86.ActiveCfg = Debug|Win32
		{C716B556-BACE-4C77-A1DB-412C9B78F4DD}.Debug|x86.Build.0 = Debug|Win32
		{C716B556-BACE-4C77-A1DB-412C9B78F4DD}.Release|x64.ActiveCfg = Release|x64
		{C716B556-BACE-4C77-A1DB-412C9B78F4DD}.Release|x64.Build.0 = Release|x64
		{C716B556-BACE-4C77-A1DB-412C9B78F4DD}.Release|x86.ActiveCfg = Release|Win32
		{C716B556-BACE-4C77-A1DB-412C9B78F4DD}.Release|x86.Build.0 = Release|Win32
	EndGlobalSection
	GlobalSection(SolutionProperties) = preSolution
		HideSolutionNode = FALSE
	EndGlobalSection
	GlobalSection(NestedProjects) = preSolution
		{94E784B1-65D8-4A8D-A1D8-20E95F90EDA1} = {3F30B4AE-5733-4AFD-98F5-DD313C426101}
		{DF2ED306-CFFE-4C88-A009-A9CBD2E75081} = {3F30B4AE-5733-4AFD-98F5-DD313C426101}
		{226D4CA8-7ED2-48D2-952C-DCD96AF9E31A} = {7A24DBB0-F020-46AC-B3C6-EDF2E48580DE}
		{F403FE15-18B4-48D0-A516-63BCAA6F901D} = {56C6DD2A-98B1-4AF7-AFBD-5DE371454E33}
		{24F04B55-E7BC-44C2-9108-92C7774BE3C0} = {56C6DD2A-98B1-4AF7-AFBD-5DE371454E33}
		{AE1F51A3-3425-4CE4-BB92-FE6D1A2D5CD1} = {56C6DD2A-98B1-4AF7-AFBD-5DE371454E33}
		{44193E60-881E-440C-9AA2-666175FCFF71} = {56C6DD2A-98B1-4AF7-AFBD-5DE371454E33}
		{3FBB4EA0-EE34-485D-8A01-503D61DD88C0} = {56C6DD2A-98B1-4AF7-AFBD-5DE371454E33}
		{18BEDC12-0973-4B7A-A89A-2567D6B57B1F} = {56C6DD2A-98B1-4AF7-AFBD-5DE371454E33}
		{33740107-383F-4923-B6AB-F79D5F5F3714} = {56C6DD2A-98B1-4AF7-AFBD-5DE371454E33}
		{FC803DEE-6169-43BB-8F81-809651FE0B3F} = {56C6DD2A-98B1-4AF7-AFBD-5DE371454E33}
		{01F6511C-2450-4924-8BA9-B99F19304F0C} = {56C6DD2A-98B1-4AF7-AFBD-5DE371454E33}
		{982991BD-7324-4C53-9808-D08B460B8D20} = {56C6DD2A-98B1-4AF7-AFBD-5DE371454E33}
		{8B95F155-04C0-468A-8ABF-11F6DD3FD647} = {56C6DD2A-98B1-4AF7-AFBD-5DE371454E33}
		{B0A75F4B-061A-450D-8DD0-11187A5155BA} = {56C6DD2A-98B1-4AF7-AFBD-5DE371454E33}
		{44992204-32F8-4077-9CBE-6D2D5964FC15} = {B4223309-3DBB-4C8B-ABCD-747C7F8ECDA2}
		{FA981133-0593-48BD-A9F8-A02B0B2B03F4} = {B4223309-3DBB-4C8B-ABCD-747C7F8ECDA2}
		{A53C85EA-95DE-43F2-8DF6-E50A9297A134} = {22E1F28D-53D1-4563-9D72-7C3699DE4C68}
		{E370FFBE-4718-4D9B-B457-E916BFD6D8E2} = {22E1F28D-53D1-4563-9D72-7C3699DE4C68}
		{994344BC-CAAC-42A0-9631-3B611C96775F} = {22E1F28D-53D1-4563-9D72-7C3699DE4C68}
		{C716B556-BACE-4C77-A1DB-412C9B78F4DD} = {22E1F28D-53D1-4563-9D72-7C3699DE4C68}
	EndGlobalSection
	GlobalSection(ExtensibilityGlobals) = postSolution
		SolutionGuid = {F3221A93-5157-4934-AA9E-0F57FE3CF538}
	EndGlobalSection
EndGlobal
